// !$*UTF8*$!
{
	archiveVersion = 1;
	classes = {
	};
	objectVersion = 51;
	objects = {

/* Begin PBXBuildFile section */
		439E0E8BDE76AFF309324550 /* Pods_Networker.framework in Frameworks */ = {isa = PBXBuildFile; fileRef = E7F2EB2CEDB5E4F281AFCFAE /* Pods_Networker.framework */; };
		6305D66422CF3C7D0055DCD2 /* Networker.h in Headers */ = {isa = PBXBuildFile; fileRef = 6305D66222CF3C7D0055DCD2 /* Networker.h */; settings = {ATTRIBUTES = (Public, ); }; };
		6305D67622CF751D0055DCD2 /* AppDelegate.swift in Sources */ = {isa = PBXBuildFile; fileRef = 6305D67522CF751D0055DCD2 /* AppDelegate.swift */; };
		6305D67822CF751D0055DCD2 /* ViewController.swift in Sources */ = {isa = PBXBuildFile; fileRef = 6305D67722CF751D0055DCD2 /* ViewController.swift */; };
		6305D67B22CF751D0055DCD2 /* Main.storyboard in Resources */ = {isa = PBXBuildFile; fileRef = 6305D67922CF751D0055DCD2 /* Main.storyboard */; };
		6305D67D22CF751F0055DCD2 /* Assets.xcassets in Resources */ = {isa = PBXBuildFile; fileRef = 6305D67C22CF751F0055DCD2 /* Assets.xcassets */; };
		6305D68022CF751F0055DCD2 /* LaunchScreen.storyboard in Resources */ = {isa = PBXBuildFile; fileRef = 6305D67E22CF751F0055DCD2 /* LaunchScreen.storyboard */; };
		6305D68E22CF772B0055DCD2 /* Result+Additions.swift in Sources */ = {isa = PBXBuildFile; fileRef = 6305D68D22CF772B0055DCD2 /* Result+Additions.swift */; };
		6305D69222CF82CC0055DCD2 /* Model.swift in Sources */ = {isa = PBXBuildFile; fileRef = 6305D69122CF82CC0055DCD2 /* Model.swift */; };
		634C2A1122E09BD900F1BED9 /* Data+Additions.swift in Sources */ = {isa = PBXBuildFile; fileRef = 634C2A1022E09BD900F1BED9 /* Data+Additions.swift */; };
		63BC909D22D878BE001E7EAB /* Types.swift in Sources */ = {isa = PBXBuildFile; fileRef = 63BC909C22D878BE001E7EAB /* Types.swift */; };
		63BC90A122D8794A001E7EAB /* DefaultRetrier.swift in Sources */ = {isa = PBXBuildFile; fileRef = 63BC90A022D8794A001E7EAB /* DefaultRetrier.swift */; };
		63BC90A322D879C1001E7EAB /* Rx+Additions.swift in Sources */ = {isa = PBXBuildFile; fileRef = 63BC90A222D879C1001E7EAB /* Rx+Additions.swift */; };
		63BC90A622D879FB001E7EAB /* String+Error.swift in Sources */ = {isa = PBXBuildFile; fileRef = 63BC90A522D879FB001E7EAB /* String+Error.swift */; };
		63BC90AC22D88024001E7EAB /* Rx+ObjectMapper.swift in Sources */ = {isa = PBXBuildFile; fileRef = 63BC90AB22D88024001E7EAB /* Rx+ObjectMapper.swift */; };
		63BC90AE22D88285001E7EAB /* MappableModel.swift in Sources */ = {isa = PBXBuildFile; fileRef = 63BC90AD22D88285001E7EAB /* MappableModel.swift */; };
		63BC90B022D884EE001E7EAB /* MappableSubModel.swift in Sources */ = {isa = PBXBuildFile; fileRef = 63BC90AF22D884EE001E7EAB /* MappableSubModel.swift */; };
		63D52A5B22D759710089185A /* Codable+Additions.swift in Sources */ = {isa = PBXBuildFile; fileRef = 63D52A5922D753D40089185A /* Codable+Additions.swift */; };
		63D52A5D22D7644F0089185A /* Networker.swift in Sources */ = {isa = PBXBuildFile; fileRef = 63D52A5C22D7644F0089185A /* Networker.swift */; };
		63D52A5F22D76B950089185A /* APIClient.swift in Sources */ = {isa = PBXBuildFile; fileRef = 63D52A5E22D76B950089185A /* APIClient.swift */; };
		63EAA6BC22E05ABC0014BEB9 /* Dictionary+KeyPath.swift in Sources */ = {isa = PBXBuildFile; fileRef = 63EAA6BB22E05ABC0014BEB9 /* Dictionary+KeyPath.swift */; };
		C65FD23C52758778DAF404B9 /* Pods_Demo.framework in Frameworks */ = {isa = PBXBuildFile; fileRef = 88936EF9FAC51A732CFC2CF7 /* Pods_Demo.framework */; };
/* End PBXBuildFile section */

/* Begin PBXContainerItemProxy section */
		6305D68B22CF766D0055DCD2 /* PBXContainerItemProxy */ = {
			isa = PBXContainerItemProxy;
			containerPortal = 6305D65622CF3C7D0055DCD2 /* Project object */;
			proxyType = 1;
			remoteGlobalIDString = 6305D65E22CF3C7D0055DCD2;
			remoteInfo = Networker;
		};
/* End PBXContainerItemProxy section */

/* Begin PBXFileReference section */
		07C46AE3C5CFFE1569F93726 /* Pods-Demo.debug.xcconfig */ = {isa = PBXFileReference; includeInIndex = 1; lastKnownFileType = text.xcconfig; name = "Pods-Demo.debug.xcconfig"; path = "Target Support Files/Pods-Demo/Pods-Demo.debug.xcconfig"; sourceTree = "<group>"; };
		1EA9BDAF41098DF5CC2680BC /* Pods-Demo.release.xcconfig */ = {isa = PBXFileReference; includeInIndex = 1; lastKnownFileType = text.xcconfig; name = "Pods-Demo.release.xcconfig"; path = "Target Support Files/Pods-Demo/Pods-Demo.release.xcconfig"; sourceTree = "<group>"; };
		6305D65F22CF3C7D0055DCD2 /* Networker.framework */ = {isa = PBXFileReference; explicitFileType = wrapper.framework; includeInIndex = 0; path = Networker.framework; sourceTree = BUILT_PRODUCTS_DIR; };
		6305D66222CF3C7D0055DCD2 /* Networker.h */ = {isa = PBXFileReference; lastKnownFileType = sourcecode.c.h; path = Networker.h; sourceTree = "<group>"; };
		6305D66322CF3C7D0055DCD2 /* Info.plist */ = {isa = PBXFileReference; lastKnownFileType = text.plist.xml; path = Info.plist; sourceTree = "<group>"; };
		6305D67322CF751D0055DCD2 /* Demo.app */ = {isa = PBXFileReference; explicitFileType = wrapper.application; includeInIndex = 0; path = Demo.app; sourceTree = BUILT_PRODUCTS_DIR; };
		6305D67522CF751D0055DCD2 /* AppDelegate.swift */ = {isa = PBXFileReference; lastKnownFileType = sourcecode.swift; path = AppDelegate.swift; sourceTree = "<group>"; };
		6305D67722CF751D0055DCD2 /* ViewController.swift */ = {isa = PBXFileReference; lastKnownFileType = sourcecode.swift; path = ViewController.swift; sourceTree = "<group>"; };
		6305D67A22CF751D0055DCD2 /* Base */ = {isa = PBXFileReference; lastKnownFileType = file.storyboard; name = Base; path = Base.lproj/Main.storyboard; sourceTree = "<group>"; };
		6305D67C22CF751F0055DCD2 /* Assets.xcassets */ = {isa = PBXFileReference; lastKnownFileType = folder.assetcatalog; path = Assets.xcassets; sourceTree = "<group>"; };
		6305D67F22CF751F0055DCD2 /* Base */ = {isa = PBXFileReference; lastKnownFileType = file.storyboard; name = Base; path = Base.lproj/LaunchScreen.storyboard; sourceTree = "<group>"; };
		6305D68122CF751F0055DCD2 /* Info.plist */ = {isa = PBXFileReference; lastKnownFileType = text.plist.xml; path = Info.plist; sourceTree = "<group>"; };
		6305D68D22CF772B0055DCD2 /* Result+Additions.swift */ = {isa = PBXFileReference; lastKnownFileType = sourcecode.swift; path = "Result+Additions.swift"; sourceTree = "<group>"; };
		6305D69122CF82CC0055DCD2 /* Model.swift */ = {isa = PBXFileReference; lastKnownFileType = sourcecode.swift; path = Model.swift; sourceTree = "<group>"; };
		634C2A1022E09BD900F1BED9 /* Data+Additions.swift */ = {isa = PBXFileReference; lastKnownFileType = sourcecode.swift; path = "Data+Additions.swift"; sourceTree = "<group>"; };
		63BC909C22D878BE001E7EAB /* Types.swift */ = {isa = PBXFileReference; lastKnownFileType = sourcecode.swift; path = Types.swift; sourceTree = "<group>"; };
		63BC90A022D8794A001E7EAB /* DefaultRetrier.swift */ = {isa = PBXFileReference; lastKnownFileType = sourcecode.swift; path = DefaultRetrier.swift; sourceTree = "<group>"; };
		63BC90A222D879C1001E7EAB /* Rx+Additions.swift */ = {isa = PBXFileReference; lastKnownFileType = sourcecode.swift; path = "Rx+Additions.swift"; sourceTree = "<group>"; };
		63BC90A522D879FB001E7EAB /* String+Error.swift */ = {isa = PBXFileReference; lastKnownFileType = sourcecode.swift; path = "String+Error.swift"; sourceTree = "<group>"; };
		63BC90AB22D88024001E7EAB /* Rx+ObjectMapper.swift */ = {isa = PBXFileReference; lastKnownFileType = sourcecode.swift; path = "Rx+ObjectMapper.swift"; sourceTree = "<group>"; };
		63BC90AD22D88285001E7EAB /* MappableModel.swift */ = {isa = PBXFileReference; lastKnownFileType = sourcecode.swift; path = MappableModel.swift; sourceTree = "<group>"; };
		63BC90AF22D884EE001E7EAB /* MappableSubModel.swift */ = {isa = PBXFileReference; lastKnownFileType = sourcecode.swift; path = MappableSubModel.swift; sourceTree = "<group>"; };
		63D52A5922D753D40089185A /* Codable+Additions.swift */ = {isa = PBXFileReference; lastKnownFileType = sourcecode.swift; path = "Codable+Additions.swift"; sourceTree = "<group>"; };
		63D52A5C22D7644F0089185A /* Networker.swift */ = {isa = PBXFileReference; lastKnownFileType = sourcecode.swift; path = Networker.swift; sourceTree = "<group>"; };
		63D52A5E22D76B950089185A /* APIClient.swift */ = {isa = PBXFileReference; lastKnownFileType = sourcecode.swift; path = APIClient.swift; sourceTree = "<group>"; };
		63EAA6BB22E05ABC0014BEB9 /* Dictionary+KeyPath.swift */ = {isa = PBXFileReference; lastKnownFileType = sourcecode.swift; path = "Dictionary+KeyPath.swift"; sourceTree = "<group>"; };
		71499F8127E0EFDF2457CEC6 /* Pods-Networker.release.xcconfig */ = {isa = PBXFileReference; includeInIndex = 1; lastKnownFileType = text.xcconfig; name = "Pods-Networker.release.xcconfig"; path = "Target Support Files/Pods-Networker/Pods-Networker.release.xcconfig"; sourceTree = "<group>"; };
		88936EF9FAC51A732CFC2CF7 /* Pods_Demo.framework */ = {isa = PBXFileReference; explicitFileType = wrapper.framework; includeInIndex = 0; path = Pods_Demo.framework; sourceTree = BUILT_PRODUCTS_DIR; };
		D64ED77C21047375EB103E28 /* Pods-Networker.debug.xcconfig */ = {isa = PBXFileReference; includeInIndex = 1; lastKnownFileType = text.xcconfig; name = "Pods-Networker.debug.xcconfig"; path = "Target Support Files/Pods-Networker/Pods-Networker.debug.xcconfig"; sourceTree = "<group>"; };
		E7F2EB2CEDB5E4F281AFCFAE /* Pods_Networker.framework */ = {isa = PBXFileReference; explicitFileType = wrapper.framework; includeInIndex = 0; path = Pods_Networker.framework; sourceTree = BUILT_PRODUCTS_DIR; };
/* End PBXFileReference section */

/* Begin PBXFrameworksBuildPhase section */
		6305D65C22CF3C7D0055DCD2 /* Frameworks */ = {
			isa = PBXFrameworksBuildPhase;
			buildActionMask = 2147483647;
			files = (
				439E0E8BDE76AFF309324550 /* Pods_Networker.framework in Frameworks */,
			);
			runOnlyForDeploymentPostprocessing = 0;
		};
		6305D67022CF751D0055DCD2 /* Frameworks */ = {
			isa = PBXFrameworksBuildPhase;
			buildActionMask = 2147483647;
			files = (
				C65FD23C52758778DAF404B9 /* Pods_Demo.framework in Frameworks */,
			);
			runOnlyForDeploymentPostprocessing = 0;
		};
/* End PBXFrameworksBuildPhase section */

/* Begin PBXGroup section */
		1576104B208FFB44FF0E50B5 /* Frameworks */ = {
			isa = PBXGroup;
			children = (
				E7F2EB2CEDB5E4F281AFCFAE /* Pods_Networker.framework */,
				88936EF9FAC51A732CFC2CF7 /* Pods_Demo.framework */,
			);
			name = Frameworks;
			sourceTree = "<group>";
		};
		6305D65522CF3C7D0055DCD2 = {
			isa = PBXGroup;
			children = (
				63BC90AA22D88004001E7EAB /* ObjectMapper */,
				6305D66122CF3C7D0055DCD2 /* Sources */,
				6305D67422CF751D0055DCD2 /* Demo */,
				6305D66022CF3C7D0055DCD2 /* Products */,
				BCF8130AB713EBA8206B0F2C /* Pods */,
				1576104B208FFB44FF0E50B5 /* Frameworks */,
			);
			sourceTree = "<group>";
		};
		6305D66022CF3C7D0055DCD2 /* Products */ = {
			isa = PBXGroup;
			children = (
				6305D65F22CF3C7D0055DCD2 /* Networker.framework */,
				6305D67322CF751D0055DCD2 /* Demo.app */,
			);
			name = Products;
			sourceTree = "<group>";
		};
		6305D66122CF3C7D0055DCD2 /* Sources */ = {
			isa = PBXGroup;
			children = (
				63BC90A722D87A24001E7EAB /* System */,
				63BC90A422D879ED001E7EAB /* Extensions */,
				63BC909C22D878BE001E7EAB /* Types.swift */,
				63D52A5C22D7644F0089185A /* Networker.swift */,
				63BC90A022D8794A001E7EAB /* DefaultRetrier.swift */,
			);
			path = Sources;
			sourceTree = "<group>";
		};
		6305D67422CF751D0055DCD2 /* Demo */ = {
			isa = PBXGroup;
			children = (
				6305D67522CF751D0055DCD2 /* AppDelegate.swift */,
				6305D67722CF751D0055DCD2 /* ViewController.swift */,
				6305D67922CF751D0055DCD2 /* Main.storyboard */,
				6305D67C22CF751F0055DCD2 /* Assets.xcassets */,
				6305D67E22CF751F0055DCD2 /* LaunchScreen.storyboard */,
				6305D68122CF751F0055DCD2 /* Info.plist */,
				6305D69122CF82CC0055DCD2 /* Model.swift */,
				63D52A5E22D76B950089185A /* APIClient.swift */,
				63BC90AD22D88285001E7EAB /* MappableModel.swift */,
				63BC90AF22D884EE001E7EAB /* MappableSubModel.swift */,
			);
			path = Demo;
			sourceTree = "<group>";
		};
		63BC90A422D879ED001E7EAB /* Extensions */ = {
			isa = PBXGroup;
			children = (
				6305D68D22CF772B0055DCD2 /* Result+Additions.swift */,
				63D52A5922D753D40089185A /* Codable+Additions.swift */,
				63BC90A222D879C1001E7EAB /* Rx+Additions.swift */,
				63BC90A522D879FB001E7EAB /* String+Error.swift */,
				63EAA6BB22E05ABC0014BEB9 /* Dictionary+KeyPath.swift */,
				634C2A1022E09BD900F1BED9 /* Data+Additions.swift */,
			);
			path = Extensions;
			sourceTree = "<group>";
		};
		63BC90A722D87A24001E7EAB /* System */ = {
			isa = PBXGroup;
			children = (
				6305D66222CF3C7D0055DCD2 /* Networker.h */,
				6305D66322CF3C7D0055DCD2 /* Info.plist */,
			);
			path = System;
			sourceTree = "<group>";
		};
		63BC90AA22D88004001E7EAB /* ObjectMapper */ = {
			isa = PBXGroup;
			children = (
				63BC90AB22D88024001E7EAB /* Rx+ObjectMapper.swift */,
			);
			path = ObjectMapper;
			sourceTree = "<group>";
		};
		BCF8130AB713EBA8206B0F2C /* Pods */ = {
			isa = PBXGroup;
			children = (
				D64ED77C21047375EB103E28 /* Pods-Networker.debug.xcconfig */,
				71499F8127E0EFDF2457CEC6 /* Pods-Networker.release.xcconfig */,
				07C46AE3C5CFFE1569F93726 /* Pods-Demo.debug.xcconfig */,
				1EA9BDAF41098DF5CC2680BC /* Pods-Demo.release.xcconfig */,
			);
			path = Pods;
			sourceTree = "<group>";
		};
/* End PBXGroup section */

/* Begin PBXHeadersBuildPhase section */
		6305D65A22CF3C7D0055DCD2 /* Headers */ = {
			isa = PBXHeadersBuildPhase;
			buildActionMask = 2147483647;
			files = (
				6305D66422CF3C7D0055DCD2 /* Networker.h in Headers */,
			);
			runOnlyForDeploymentPostprocessing = 0;
		};
/* End PBXHeadersBuildPhase section */

/* Begin PBXNativeTarget section */
		6305D65E22CF3C7D0055DCD2 /* Networker */ = {
			isa = PBXNativeTarget;
			buildConfigurationList = 6305D66722CF3C7D0055DCD2 /* Build configuration list for PBXNativeTarget "Networker" */;
			buildPhases = (
				E197DE4FC337565B21272870 /* [CP] Check Pods Manifest.lock */,
				6305D65A22CF3C7D0055DCD2 /* Headers */,
				6305D65B22CF3C7D0055DCD2 /* Sources */,
				6305D65C22CF3C7D0055DCD2 /* Frameworks */,
				6305D65D22CF3C7D0055DCD2 /* Resources */,
			);
			buildRules = (
			);
			dependencies = (
			);
			name = Networker;
			productName = Networker;
			productReference = 6305D65F22CF3C7D0055DCD2 /* Networker.framework */;
			productType = "com.apple.product-type.framework";
		};
		6305D67222CF751D0055DCD2 /* Demo */ = {
			isa = PBXNativeTarget;
			buildConfigurationList = 6305D68222CF751F0055DCD2 /* Build configuration list for PBXNativeTarget "Demo" */;
			buildPhases = (
				0DE5CE91E1823828E9089173 /* [CP] Check Pods Manifest.lock */,
				6305D66F22CF751D0055DCD2 /* Sources */,
				6305D67022CF751D0055DCD2 /* Frameworks */,
				6305D67122CF751D0055DCD2 /* Resources */,
				4743E766FD8E00E90AB1966C /* [CP] Embed Pods Frameworks */,
			);
			buildRules = (
			);
			dependencies = (
				6305D68C22CF766D0055DCD2 /* PBXTargetDependency */,
			);
			name = Demo;
			productName = Demo;
			productReference = 6305D67322CF751D0055DCD2 /* Demo.app */;
			productType = "com.apple.product-type.application";
		};
/* End PBXNativeTarget section */

/* Begin PBXProject section */
		6305D65622CF3C7D0055DCD2 /* Project object */ = {
			isa = PBXProject;
			attributes = {
				LastSwiftUpdateCheck = 1020;
				LastUpgradeCheck = 1020;
				ORGANIZATIONNAME = "Alex Antonyuk";
				TargetAttributes = {
					6305D65E22CF3C7D0055DCD2 = {
						CreatedOnToolsVersion = 10.2.1;
						LastSwiftMigration = 1020;
					};
					6305D67222CF751D0055DCD2 = {
						CreatedOnToolsVersion = 10.2.1;
					};
				};
			};
			buildConfigurationList = 6305D65922CF3C7D0055DCD2 /* Build configuration list for PBXProject "Networker" */;
			compatibilityVersion = "Xcode 9.3";
			developmentRegion = en;
			hasScannedForEncodings = 0;
			knownRegions = (
				en,
				Base,
			);
			mainGroup = 6305D65522CF3C7D0055DCD2;
			productRefGroup = 6305D66022CF3C7D0055DCD2 /* Products */;
			projectDirPath = "";
			projectRoot = "";
			targets = (
				6305D65E22CF3C7D0055DCD2 /* Networker */,
				6305D67222CF751D0055DCD2 /* Demo */,
			);
		};
/* End PBXProject section */

/* Begin PBXResourcesBuildPhase section */
		6305D65D22CF3C7D0055DCD2 /* Resources */ = {
			isa = PBXResourcesBuildPhase;
			buildActionMask = 2147483647;
			files = (
			);
			runOnlyForDeploymentPostprocessing = 0;
		};
		6305D67122CF751D0055DCD2 /* Resources */ = {
			isa = PBXResourcesBuildPhase;
			buildActionMask = 2147483647;
			files = (
				6305D68022CF751F0055DCD2 /* LaunchScreen.storyboard in Resources */,
				6305D67D22CF751F0055DCD2 /* Assets.xcassets in Resources */,
				6305D67B22CF751D0055DCD2 /* Main.storyboard in Resources */,
			);
			runOnlyForDeploymentPostprocessing = 0;
		};
/* End PBXResourcesBuildPhase section */

/* Begin PBXShellScriptBuildPhase section */
		0DE5CE91E1823828E9089173 /* [CP] Check Pods Manifest.lock */ = {
			isa = PBXShellScriptBuildPhase;
			buildActionMask = 2147483647;
			files = (
			);
			inputFileListPaths = (
			);
			inputPaths = (
				"${PODS_PODFILE_DIR_PATH}/Podfile.lock",
				"${PODS_ROOT}/Manifest.lock",
			);
			name = "[CP] Check Pods Manifest.lock";
			outputFileListPaths = (
			);
			outputPaths = (
				"$(DERIVED_FILE_DIR)/Pods-Demo-checkManifestLockResult.txt",
			);
			runOnlyForDeploymentPostprocessing = 0;
			shellPath = /bin/sh;
			shellScript = "diff \"${PODS_PODFILE_DIR_PATH}/Podfile.lock\" \"${PODS_ROOT}/Manifest.lock\" > /dev/null\nif [ $? != 0 ] ; then\n    # print error to STDERR\n    echo \"error: The sandbox is not in sync with the Podfile.lock. Run 'pod install' or update your CocoaPods installation.\" >&2\n    exit 1\nfi\n# This output is used by Xcode 'outputs' to avoid re-running this script phase.\necho \"SUCCESS\" > \"${SCRIPT_OUTPUT_FILE_0}\"\n";
			showEnvVarsInLog = 0;
		};
		4743E766FD8E00E90AB1966C /* [CP] Embed Pods Frameworks */ = {
			isa = PBXShellScriptBuildPhase;
			buildActionMask = 2147483647;
			files = (
			);
			inputFileListPaths = (
				"${PODS_ROOT}/Target Support Files/Pods-Demo/Pods-Demo-frameworks-${CONFIGURATION}-input-files.xcfilelist",
			);
			name = "[CP] Embed Pods Frameworks";
			outputFileListPaths = (
				"${PODS_ROOT}/Target Support Files/Pods-Demo/Pods-Demo-frameworks-${CONFIGURATION}-output-files.xcfilelist",
			);
			runOnlyForDeploymentPostprocessing = 0;
			shellPath = /bin/sh;
			shellScript = "\"${PODS_ROOT}/Target Support Files/Pods-Demo/Pods-Demo-frameworks.sh\"\n";
			showEnvVarsInLog = 0;
		};
		E197DE4FC337565B21272870 /* [CP] Check Pods Manifest.lock */ = {
			isa = PBXShellScriptBuildPhase;
			buildActionMask = 2147483647;
			files = (
			);
			inputFileListPaths = (
			);
			inputPaths = (
				"${PODS_PODFILE_DIR_PATH}/Podfile.lock",
				"${PODS_ROOT}/Manifest.lock",
			);
			name = "[CP] Check Pods Manifest.lock";
			outputFileListPaths = (
			);
			outputPaths = (
				"$(DERIVED_FILE_DIR)/Pods-Networker-checkManifestLockResult.txt",
			);
			runOnlyForDeploymentPostprocessing = 0;
			shellPath = /bin/sh;
			shellScript = "diff \"${PODS_PODFILE_DIR_PATH}/Podfile.lock\" \"${PODS_ROOT}/Manifest.lock\" > /dev/null\nif [ $? != 0 ] ; then\n    # print error to STDERR\n    echo \"error: The sandbox is not in sync with the Podfile.lock. Run 'pod install' or update your CocoaPods installation.\" >&2\n    exit 1\nfi\n# This output is used by Xcode 'outputs' to avoid re-running this script phase.\necho \"SUCCESS\" > \"${SCRIPT_OUTPUT_FILE_0}\"\n";
			showEnvVarsInLog = 0;
		};
/* End PBXShellScriptBuildPhase section */

/* Begin PBXSourcesBuildPhase section */
		6305D65B22CF3C7D0055DCD2 /* Sources */ = {
			isa = PBXSourcesBuildPhase;
			buildActionMask = 2147483647;
			files = (
				63BC90A622D879FB001E7EAB /* String+Error.swift in Sources */,
				634C2A1122E09BD900F1BED9 /* Data+Additions.swift in Sources */,
				63BC90AC22D88024001E7EAB /* Rx+ObjectMapper.swift in Sources */,
				6305D68E22CF772B0055DCD2 /* Result+Additions.swift in Sources */,
				63D52A5D22D7644F0089185A /* Networker.swift in Sources */,
				63EAA6BC22E05ABC0014BEB9 /* Dictionary+KeyPath.swift in Sources */,
				63BC909D22D878BE001E7EAB /* Types.swift in Sources */,
				63BC90A322D879C1001E7EAB /* Rx+Additions.swift in Sources */,
				63BC90A122D8794A001E7EAB /* DefaultRetrier.swift in Sources */,
				63D52A5B22D759710089185A /* Codable+Additions.swift in Sources */,
			);
			runOnlyForDeploymentPostprocessing = 0;
		};
		6305D66F22CF751D0055DCD2 /* Sources */ = {
			isa = PBXSourcesBuildPhase;
			buildActionMask = 2147483647;
			files = (
				6305D69222CF82CC0055DCD2 /* Model.swift in Sources */,
				63BC90AE22D88285001E7EAB /* MappableModel.swift in Sources */,
				63BC90B022D884EE001E7EAB /* MappableSubModel.swift in Sources */,
				6305D67822CF751D0055DCD2 /* ViewController.swift in Sources */,
				6305D67622CF751D0055DCD2 /* AppDelegate.swift in Sources */,
				63D52A5F22D76B950089185A /* APIClient.swift in Sources */,
			);
			runOnlyForDeploymentPostprocessing = 0;
		};
/* End PBXSourcesBuildPhase section */

/* Begin PBXTargetDependency section */
		6305D68C22CF766D0055DCD2 /* PBXTargetDependency */ = {
			isa = PBXTargetDependency;
			target = 6305D65E22CF3C7D0055DCD2 /* Networker */;
			targetProxy = 6305D68B22CF766D0055DCD2 /* PBXContainerItemProxy */;
		};
/* End PBXTargetDependency section */

/* Begin PBXVariantGroup section */
		6305D67922CF751D0055DCD2 /* Main.storyboard */ = {
			isa = PBXVariantGroup;
			children = (
				6305D67A22CF751D0055DCD2 /* Base */,
			);
			name = Main.storyboard;
			sourceTree = "<group>";
		};
		6305D67E22CF751F0055DCD2 /* LaunchScreen.storyboard */ = {
			isa = PBXVariantGroup;
			children = (
				6305D67F22CF751F0055DCD2 /* Base */,
			);
			name = LaunchScreen.storyboard;
			sourceTree = "<group>";
		};
/* End PBXVariantGroup section */

/* Begin XCBuildConfiguration section */
		6305D66522CF3C7D0055DCD2 /* Debug */ = {
			isa = XCBuildConfiguration;
			buildSettings = {
				ALWAYS_SEARCH_USER_PATHS = NO;
				CLANG_ANALYZER_NONNULL = YES;
				CLANG_ANALYZER_NUMBER_OBJECT_CONVERSION = YES_AGGRESSIVE;
				CLANG_CXX_LANGUAGE_STANDARD = "gnu++14";
				CLANG_CXX_LIBRARY = "libc++";
				CLANG_ENABLE_MODULES = YES;
				CLANG_ENABLE_OBJC_ARC = YES;
				CLANG_ENABLE_OBJC_WEAK = YES;
				CLANG_WARN_BLOCK_CAPTURE_AUTORELEASING = YES;
				CLANG_WARN_BOOL_CONVERSION = YES;
				CLANG_WARN_COMMA = YES;
				CLANG_WARN_CONSTANT_CONVERSION = YES;
				CLANG_WARN_DEPRECATED_OBJC_IMPLEMENTATIONS = YES;
				CLANG_WARN_DIRECT_OBJC_ISA_USAGE = YES_ERROR;
				CLANG_WARN_DOCUMENTATION_COMMENTS = YES;
				CLANG_WARN_EMPTY_BODY = YES;
				CLANG_WARN_ENUM_CONVERSION = YES;
				CLANG_WARN_INFINITE_RECURSION = YES;
				CLANG_WARN_INT_CONVERSION = YES;
				CLANG_WARN_NON_LITERAL_NULL_CONVERSION = YES;
				CLANG_WARN_OBJC_IMPLICIT_RETAIN_SELF = YES;
				CLANG_WARN_OBJC_LITERAL_CONVERSION = YES;
				CLANG_WARN_OBJC_ROOT_CLASS = YES_ERROR;
				CLANG_WARN_RANGE_LOOP_ANALYSIS = YES;
				CLANG_WARN_STRICT_PROTOTYPES = YES;
				CLANG_WARN_SUSPICIOUS_MOVE = YES;
				CLANG_WARN_UNGUARDED_AVAILABILITY = YES_AGGRESSIVE;
				CLANG_WARN_UNREACHABLE_CODE = YES;
				CLANG_WARN__DUPLICATE_METHOD_MATCH = YES;
				CODE_SIGN_IDENTITY = "iPhone Developer";
				COPY_PHASE_STRIP = NO;
				CURRENT_PROJECT_VERSION = 1;
				DEBUG_INFORMATION_FORMAT = dwarf;
				ENABLE_STRICT_OBJC_MSGSEND = YES;
				ENABLE_TESTABILITY = YES;
				GCC_C_LANGUAGE_STANDARD = gnu11;
				GCC_DYNAMIC_NO_PIC = NO;
				GCC_NO_COMMON_BLOCKS = YES;
				GCC_OPTIMIZATION_LEVEL = 0;
				GCC_PREPROCESSOR_DEFINITIONS = (
					"DEBUG=1",
					"$(inherited)",
				);
				GCC_WARN_64_TO_32_BIT_CONVERSION = YES;
				GCC_WARN_ABOUT_RETURN_TYPE = YES_ERROR;
				GCC_WARN_UNDECLARED_SELECTOR = YES;
				GCC_WARN_UNINITIALIZED_AUTOS = YES_AGGRESSIVE;
				GCC_WARN_UNUSED_FUNCTION = YES;
				GCC_WARN_UNUSED_VARIABLE = YES;
				IPHONEOS_DEPLOYMENT_TARGET = 12.2;
				MTL_ENABLE_DEBUG_INFO = INCLUDE_SOURCE;
				MTL_FAST_MATH = YES;
				ONLY_ACTIVE_ARCH = YES;
				SDKROOT = iphoneos;
				SWIFT_ACTIVE_COMPILATION_CONDITIONS = DEBUG;
				SWIFT_OPTIMIZATION_LEVEL = "-Onone";
				VERSIONING_SYSTEM = "apple-generic";
				VERSION_INFO_PREFIX = "";
			};
			name = Debug;
		};
		6305D66622CF3C7D0055DCD2 /* Release */ = {
			isa = XCBuildConfiguration;
			buildSettings = {
				ALWAYS_SEARCH_USER_PATHS = NO;
				CLANG_ANALYZER_NONNULL = YES;
				CLANG_ANALYZER_NUMBER_OBJECT_CONVERSION = YES_AGGRESSIVE;
				CLANG_CXX_LANGUAGE_STANDARD = "gnu++14";
				CLANG_CXX_LIBRARY = "libc++";
				CLANG_ENABLE_MODULES = YES;
				CLANG_ENABLE_OBJC_ARC = YES;
				CLANG_ENABLE_OBJC_WEAK = YES;
				CLANG_WARN_BLOCK_CAPTURE_AUTORELEASING = YES;
				CLANG_WARN_BOOL_CONVERSION = YES;
				CLANG_WARN_COMMA = YES;
				CLANG_WARN_CONSTANT_CONVERSION = YES;
				CLANG_WARN_DEPRECATED_OBJC_IMPLEMENTATIONS = YES;
				CLANG_WARN_DIRECT_OBJC_ISA_USAGE = YES_ERROR;
				CLANG_WARN_DOCUMENTATION_COMMENTS = YES;
				CLANG_WARN_EMPTY_BODY = YES;
				CLANG_WARN_ENUM_CONVERSION = YES;
				CLANG_WARN_INFINITE_RECURSION = YES;
				CLANG_WARN_INT_CONVERSION = YES;
				CLANG_WARN_NON_LITERAL_NULL_CONVERSION = YES;
				CLANG_WARN_OBJC_IMPLICIT_RETAIN_SELF = YES;
				CLANG_WARN_OBJC_LITERAL_CONVERSION = YES;
				CLANG_WARN_OBJC_ROOT_CLASS = YES_ERROR;
				CLANG_WARN_RANGE_LOOP_ANALYSIS = YES;
				CLANG_WARN_STRICT_PROTOTYPES = YES;
				CLANG_WARN_SUSPICIOUS_MOVE = YES;
				CLANG_WARN_UNGUARDED_AVAILABILITY = YES_AGGRESSIVE;
				CLANG_WARN_UNREACHABLE_CODE = YES;
				CLANG_WARN__DUPLICATE_METHOD_MATCH = YES;
				CODE_SIGN_IDENTITY = "iPhone Developer";
				COPY_PHASE_STRIP = NO;
				CURRENT_PROJECT_VERSION = 1;
				DEBUG_INFORMATION_FORMAT = "dwarf-with-dsym";
				ENABLE_NS_ASSERTIONS = NO;
				ENABLE_STRICT_OBJC_MSGSEND = YES;
				GCC_C_LANGUAGE_STANDARD = gnu11;
				GCC_NO_COMMON_BLOCKS = YES;
				GCC_WARN_64_TO_32_BIT_CONVERSION = YES;
				GCC_WARN_ABOUT_RETURN_TYPE = YES_ERROR;
				GCC_WARN_UNDECLARED_SELECTOR = YES;
				GCC_WARN_UNINITIALIZED_AUTOS = YES_AGGRESSIVE;
				GCC_WARN_UNUSED_FUNCTION = YES;
				GCC_WARN_UNUSED_VARIABLE = YES;
				IPHONEOS_DEPLOYMENT_TARGET = 12.2;
				MTL_ENABLE_DEBUG_INFO = NO;
				MTL_FAST_MATH = YES;
				SDKROOT = iphoneos;
				SWIFT_COMPILATION_MODE = wholemodule;
				SWIFT_OPTIMIZATION_LEVEL = "-O";
				VALIDATE_PRODUCT = YES;
				VERSIONING_SYSTEM = "apple-generic";
				VERSION_INFO_PREFIX = "";
			};
			name = Release;
		};
		6305D66822CF3C7D0055DCD2 /* Debug */ = {
			isa = XCBuildConfiguration;
			baseConfigurationReference = D64ED77C21047375EB103E28 /* Pods-Networker.debug.xcconfig */;
			buildSettings = {
				CLANG_ENABLE_MODULES = YES;
				CODE_SIGN_IDENTITY = "";
				CODE_SIGN_STYLE = Automatic;
				DEFINES_MODULE = YES;
				DYLIB_COMPATIBILITY_VERSION = 1;
				DYLIB_CURRENT_VERSION = 1;
				DYLIB_INSTALL_NAME_BASE = "@rpath";
				INFOPLIST_FILE = "$(SRCROOT)/Sources/System/Info.plist";
				INSTALL_PATH = "$(LOCAL_LIBRARY_DIR)/Frameworks";
				LD_RUNPATH_SEARCH_PATHS = (
					"$(inherited)",
					"@executable_path/Frameworks",
					"@loader_path/Frameworks",
				);
				PRODUCT_BUNDLE_IDENTIFIER = me.antonyuk.Networker;
				PRODUCT_NAME = "$(TARGET_NAME:c99extidentifier)";
				SKIP_INSTALL = YES;
				SWIFT_OPTIMIZATION_LEVEL = "-Onone";
				SWIFT_VERSION = 5.0;
				TARGETED_DEVICE_FAMILY = "1,2";
			};
			name = Debug;
		};
		6305D66922CF3C7D0055DCD2 /* Release */ = {
			isa = XCBuildConfiguration;
			baseConfigurationReference = 71499F8127E0EFDF2457CEC6 /* Pods-Networker.release.xcconfig */;
			buildSettings = {
				CLANG_ENABLE_MODULES = YES;
				CODE_SIGN_IDENTITY = "";
				CODE_SIGN_STYLE = Automatic;
				DEFINES_MODULE = YES;
				DYLIB_COMPATIBILITY_VERSION = 1;
				DYLIB_CURRENT_VERSION = 1;
				DYLIB_INSTALL_NAME_BASE = "@rpath";
				INFOPLIST_FILE = "$(SRCROOT)/Sources/System/Info.plist";
				INSTALL_PATH = "$(LOCAL_LIBRARY_DIR)/Frameworks";
				LD_RUNPATH_SEARCH_PATHS = (
					"$(inherited)",
					"@executable_path/Frameworks",
					"@loader_path/Frameworks",
				);
				PRODUCT_BUNDLE_IDENTIFIER = me.antonyuk.Networker;
				PRODUCT_NAME = "$(TARGET_NAME:c99extidentifier)";
				SKIP_INSTALL = YES;
				SWIFT_VERSION = 5.0;
				TARGETED_DEVICE_FAMILY = "1,2";
			};
			name = Release;
		};
		6305D68322CF751F0055DCD2 /* Debug */ = {
			isa = XCBuildConfiguration;
			baseConfigurationReference = 07C46AE3C5CFFE1569F93726 /* Pods-Demo.debug.xcconfig */;
			buildSettings = {
				ASSETCATALOG_COMPILER_APPICON_NAME = AppIcon;
				CODE_SIGN_STYLE = Automatic;
				INFOPLIST_FILE = Demo/Info.plist;
				LD_RUNPATH_SEARCH_PATHS = (
					"$(inherited)",
					"@executable_path/Frameworks",
				);
				PRODUCT_BUNDLE_IDENTIFIER = me.antonyuk.Demo;
				PRODUCT_NAME = "$(TARGET_NAME)";
				SWIFT_VERSION = 5.0;
				TARGETED_DEVICE_FAMILY = "1,2";
			};
			name = Debug;
		};
		6305D68422CF751F0055DCD2 /* Release */ = {
			isa = XCBuildConfiguration;
			baseConfigurationReference = 1EA9BDAF41098DF5CC2680BC /* Pods-Demo.release.xcconfig */;
			buildSettings = {
				ASSETCATALOG_COMPILER_APPICON_NAME = AppIcon;
				CODE_SIGN_STYLE = Automatic;
				INFOPLIST_FILE = Demo/Info.plist;
				LD_RUNPATH_SEARCH_PATHS = (
					"$(inherited)",
					"@executable_path/Frameworks",
				);
				PRODUCT_BUNDLE_IDENTIFIER = me.antonyuk.Demo;
				PRODUCT_NAME = "$(TARGET_NAME)";
				SWIFT_VERSION = 5.0;
				TARGETED_DEVICE_FAMILY = "1,2";
			};
			name = Release;
		};
/* End XCBuildConfiguration section */

/* Begin XCConfigurationList section */
		6305D65922CF3C7D0055DCD2 /* Build configuration list for PBXProject "Networker" */ = {
			isa = XCConfigurationList;
			buildConfigurations = (
				6305D66522CF3C7D0055DCD2 /* Debug */,
				6305D66622CF3C7D0055DCD2 /* Release */,
			);
			defaultConfigurationIsVisible = 0;
			defaultConfigurationName = Release;
		};
		6305D66722CF3C7D0055DCD2 /* Build configuration list for PBXNativeTarget "Networker" */ = {
			isa = XCConfigurationList;
			buildConfigurations = (
				6305D66822CF3C7D0055DCD2 /* Debug */,
				6305D66922CF3C7D0055DCD2 /* Release */,
			);
			defaultConfigurationIsVisible = 0;
			defaultConfigurationName = Release;
		};
		6305D68222CF751F0055DCD2 /* Build configuration list for PBXNativeTarget "Demo" */ = {
			isa = XCConfigurationList;
			buildConfigurations = (
				6305D68322CF751F0055DCD2 /* Debug */,
				6305D68422CF751F0055DCD2 /* Release */,
			);
			defaultConfigurationIsVisible = 0;
			defaultConfigurationName = Release;
		};
/* End XCConfigurationList section */
	};
	rootObject = 6305D65622CF3C7D0055DCD2 /* Project object */;
}
